
Microsoft Visual Studio Solution File, Format Version 12.00
# Visual Studio Version 17
VisualStudioVersion = 17.0.31903.59
MinimumVisualStudioVersion = 10.0.40219.1
Project("{FAE04EC0-301F-11D3-BF4B-00C04F79EFBC}") = "Addressing", "src\Addressing\Addressing.csproj", "{91F4AFCA-9E26-4D2F-9469-74D71CC93F77}"
EndProject
Project("{FAE04EC0-301F-11D3-BF4B-00C04F79EFBC}") = "ManualTestRig", "ManualTestRig\ManualTestRig.csproj", "{C2BC8AF0-1C14-463C-B110-C7F3422264B0}"
EndProject
Project("{FAE04EC0-301F-11D3-BF4B-00C04F79EFBC}") = "Addressing.Spain", "src\Addressing.Spain\Addressing.Spain.csproj", "{77DAAE6B-5ED1-40D3-BF8C-D33F1C06C37E}"
EndProject
Project("{FAE04EC0-301F-11D3-BF4B-00C04F79EFBC}") = "Addressing.Ireland", "src\Addressing.Ireland\Addressing.Ireland.csproj", "{9B514A4B-6950-4ED3-A0D0-FACBD5873618}"
EndProject
Project("{FAE04EC0-301F-11D3-BF4B-00C04F79EFBC}") = "Addressing.France", "src\Addressing.France\Addressing.France.csproj", "{F3E8D149-0DDE-4B2D-9B50-E747F9D8829A}"
EndProject
Project("{FAE04EC0-301F-11D3-BF4B-00C04F79EFBC}") = "Addressing.Tests", "tests\Addressing.Tests\Addressing.Tests.csproj", "{1E6A51C5-4D88-4405-8BF0-97464C444EFE}"
EndProject
Project("{2150E333-8FDC-42A3-9474-1A3956D46DE8}") = "src", "src", "{02EA681E-C7D8-13C7-8484-4AC65E1B71E8}"
EndProject
Project("{2150E333-8FDC-42A3-9474-1A3956D46DE8}") = "tests", "tests", "{7DF9D28E-45BE-4275-8726-647D46A3EFC9}"
EndProject
Project("{2150E333-8FDC-42A3-9474-1A3956D46DE8}") = "ExtendedTestRigs", "ExtendedTestRigs", "{E154531E-4499-7942-A888-178D85FFAA26}"
EndProject
Project("{FAE04EC0-301F-11D3-BF4B-00C04F79EFBC}") = "CheckoutAddressApi", "ExtendedTestRigs\CheckoutAddressApi\CheckoutAddressApi.csproj", "{28CE6097-4D24-4C69-B39B-521C6E595151}"
EndProject
Project("{FAE04EC0-301F-11D3-BF4B-00C04F79EFBC}") = "DynamicAddressFormDemo", "ExtendedTestRigs\DynamicAddressFormDemo\DynamicAddressFormDemo.csproj", "{4C93CDDD-5F6F-423F-A425-7AD3DC41B73B}"
EndProject
Project("{FAE04EC0-301F-11D3-BF4B-00C04F79EFBC}") = "BulkAddressImportTool", "ExtendedTestRigs\BulkAddressImportTool\BulkAddressImportTool.csproj", "{B142FFBA-436B-47EE-90DB-357E0FF4C25D}"
EndProject
Project("{FAE04EC0-301F-11D3-BF4B-00C04F79EFBC}") = "Addressing.GreatBritain", "src\Addressing.GreatBritain\Addressing.GreatBritain.csproj", "{745C75FD-F1F8-4442-A660-DBD737EA19BD}"
EndProject
Project("{FAE04EC0-301F-11D3-BF4B-00C04F79EFBC}") = "Addressing.Canada", "src\Addressing.Canada\Addressing.Canada.csproj", "{736E28DB-399F-4553-A698-8688500ED22F}"
EndProject
Project("{FAE04EC0-301F-11D3-BF4B-00C04F79EFBC}") = "Addressing.UnitedStates", "src\Addressing.UnitedStates\Addressing.UnitedStates.csproj", "{0B80E238-0CEF-4936-AC1A-A4962830A28F}"
EndProject
Project("{FAE04EC0-301F-11D3-BF4B-00C04F79EFBC}") = "Addressing.India", "src\Addressing.India\Addressing.India.csproj", "{B2CB08A8-E5EB-4212-A34E-4494C643C4BD}"
EndProject
Project("{FAE04EC0-301F-11D3-BF4B-00C04F79EFBC}") = "Addressing.Brazil", "src\Addressing.Brazil\Addressing.Brazil.csproj", "{1BFAB72C-5EFD-4938-B561-F8977133CBED}"
EndProject
Project("{FAE04EC0-301F-11D3-BF4B-00C04F79EFBC}") = "Addressing.Mexico", "src\Addressing.Mexico\Addressing.Mexico.csproj", "{E7B88073-267F-4F28-B768-5A95F171FA4F}"
EndProject
Project("{FAE04EC0-301F-11D3-BF4B-00C04F79EFBC}") = "Addressing.Germany", "src\Addressing.Germany\Addressing.Germany.csproj", "{82AC9D97-552F-40BB-A86B-AAFD391A146B}"
EndProject
Project("{FAE04EC0-301F-11D3-BF4B-00C04F79EFBC}") = "Addressing.Italy", "src\Addressing.Italy\Addressing.Italy.csproj", "{4311770A-43E6-4186-B4CA-2E88C3D71E71}"
EndProject
Global
	GlobalSection(SolutionConfigurationPlatforms) = preSolution
		Debug|Any CPU = Debug|Any CPU
		Debug|x64 = Debug|x64
		Debug|x86 = Debug|x86
		Release|Any CPU = Release|Any CPU
		Release|x64 = Release|x64
		Release|x86 = Release|x86
	EndGlobalSection
	GlobalSection(ProjectConfigurationPlatforms) = postSolution
		{91F4AFCA-9E26-4D2F-9469-74D71CC93F77}.Debug|Any CPU.ActiveCfg = Debug|Any CPU
		{91F4AFCA-9E26-4D2F-9469-74D71CC93F77}.Debug|Any CPU.Build.0 = Debug|Any CPU
		{91F4AFCA-9E26-4D2F-9469-74D71CC93F77}.Debug|x64.ActiveCfg = Debug|Any CPU
		{91F4AFCA-9E26-4D2F-9469-74D71CC93F77}.Debug|x64.Build.0 = Debug|Any CPU
		{91F4AFCA-9E26-4D2F-9469-74D71CC93F77}.Debug|x86.ActiveCfg = Debug|Any CPU
		{91F4AFCA-9E26-4D2F-9469-74D71CC93F77}.Debug|x86.Build.0 = Debug|Any CPU
		{91F4AFCA-9E26-4D2F-9469-74D71CC93F77}.Release|Any CPU.ActiveCfg = Release|Any CPU
		{91F4AFCA-9E26-4D2F-9469-74D71CC93F77}.Release|Any CPU.Build.0 = Release|Any CPU
		{91F4AFCA-9E26-4D2F-9469-74D71CC93F77}.Release|x64.ActiveCfg = Release|Any CPU
		{91F4AFCA-9E26-4D2F-9469-74D71CC93F77}.Release|x64.Build.0 = Release|Any CPU
		{91F4AFCA-9E26-4D2F-9469-74D71CC93F77}.Release|x86.ActiveCfg = Release|Any CPU
		{91F4AFCA-9E26-4D2F-9469-74D71CC93F77}.Release|x86.Build.0 = Release|Any CPU
		{C2BC8AF0-1C14-463C-B110-C7F3422264B0}.Debug|Any CPU.ActiveCfg = Debug|Any CPU
		{C2BC8AF0-1C14-463C-B110-C7F3422264B0}.Debug|Any CPU.Build.0 = Debug|Any CPU
		{C2BC8AF0-1C14-463C-B110-C7F3422264B0}.Debug|x64.ActiveCfg = Debug|Any CPU
		{C2BC8AF0-1C14-463C-B110-C7F3422264B0}.Debug|x64.Build.0 = Debug|Any CPU
		{C2BC8AF0-1C14-463C-B110-C7F3422264B0}.Debug|x86.ActiveCfg = Debug|Any CPU
		{C2BC8AF0-1C14-463C-B110-C7F3422264B0}.Debug|x86.Build.0 = Debug|Any CPU
		{C2BC8AF0-1C14-463C-B110-C7F3422264B0}.Release|Any CPU.ActiveCfg = Release|Any CPU
		{C2BC8AF0-1C14-463C-B110-C7F3422264B0}.Release|Any CPU.Build.0 = Release|Any CPU
		{C2BC8AF0-1C14-463C-B110-C7F3422264B0}.Release|x64.ActiveCfg = Release|Any CPU
		{C2BC8AF0-1C14-463C-B110-C7F3422264B0}.Release|x64.Build.0 = Release|Any CPU
		{C2BC8AF0-1C14-463C-B110-C7F3422264B0}.Release|x86.ActiveCfg = Release|Any CPU
		{C2BC8AF0-1C14-463C-B110-C7F3422264B0}.Release|x86.Build.0 = Release|Any CPU
		{77DAAE6B-5ED1-40D3-BF8C-D33F1C06C37E}.Debug|Any CPU.ActiveCfg = Debug|Any CPU
		{77DAAE6B-5ED1-40D3-BF8C-D33F1C06C37E}.Debug|Any CPU.Build.0 = Debug|Any CPU
		{77DAAE6B-5ED1-40D3-BF8C-D33F1C06C37E}.Debug|x64.ActiveCfg = Debug|Any CPU
		{77DAAE6B-5ED1-40D3-BF8C-D33F1C06C37E}.Debug|x64.Build.0 = Debug|Any CPU
		{77DAAE6B-5ED1-40D3-BF8C-D33F1C06C37E}.Debug|x86.ActiveCfg = Debug|Any CPU
		{77DAAE6B-5ED1-40D3-BF8C-D33F1C06C37E}.Debug|x86.Build.0 = Debug|Any CPU
		{77DAAE6B-5ED1-40D3-BF8C-D33F1C06C37E}.Release|Any CPU.ActiveCfg = Release|Any CPU
		{77DAAE6B-5ED1-40D3-BF8C-D33F1C06C37E}.Release|Any CPU.Build.0 = Release|Any CPU
		{77DAAE6B-5ED1-40D3-BF8C-D33F1C06C37E}.Release|x64.ActiveCfg = Release|Any CPU
		{77DAAE6B-5ED1-40D3-BF8C-D33F1C06C37E}.Release|x64.Build.0 = Release|Any CPU
		{77DAAE6B-5ED1-40D3-BF8C-D33F1C06C37E}.Release|x86.ActiveCfg = Release|Any CPU
		{77DAAE6B-5ED1-40D3-BF8C-D33F1C06C37E}.Release|x86.Build.0 = Release|Any CPU
		{9B514A4B-6950-4ED3-A0D0-FACBD5873618}.Debug|Any CPU.ActiveCfg = Debug|Any CPU
		{9B514A4B-6950-4ED3-A0D0-FACBD5873618}.Debug|Any CPU.Build.0 = Debug|Any CPU
		{9B514A4B-6950-4ED3-A0D0-FACBD5873618}.Debug|x64.ActiveCfg = Debug|Any CPU
		{9B514A4B-6950-4ED3-A0D0-FACBD5873618}.Debug|x64.Build.0 = Debug|Any CPU
		{9B514A4B-6950-4ED3-A0D0-FACBD5873618}.Debug|x86.ActiveCfg = Debug|Any CPU
		{9B514A4B-6950-4ED3-A0D0-FACBD5873618}.Debug|x86.Build.0 = Debug|Any CPU
		{9B514A4B-6950-4ED3-A0D0-FACBD5873618}.Release|Any CPU.ActiveCfg = Release|Any CPU
		{9B514A4B-6950-4ED3-A0D0-FACBD5873618}.Release|Any CPU.Build.0 = Release|Any CPU
		{9B514A4B-6950-4ED3-A0D0-FACBD5873618}.Release|x64.ActiveCfg = Release|Any CPU
		{9B514A4B-6950-4ED3-A0D0-FACBD5873618}.Release|x64.Build.0 = Release|Any CPU
		{9B514A4B-6950-4ED3-A0D0-FACBD5873618}.Release|x86.ActiveCfg = Release|Any CPU
		{9B514A4B-6950-4ED3-A0D0-FACBD5873618}.Release|x86.Build.0 = Release|Any CPU
		{F3E8D149-0DDE-4B2D-9B50-E747F9D8829A}.Debug|Any CPU.ActiveCfg = Debug|Any CPU
		{F3E8D149-0DDE-4B2D-9B50-E747F9D8829A}.Debug|Any CPU.Build.0 = Debug|Any CPU
		{F3E8D149-0DDE-4B2D-9B50-E747F9D8829A}.Debug|x64.ActiveCfg = Debug|Any CPU
		{F3E8D149-0DDE-4B2D-9B50-E747F9D8829A}.Debug|x64.Build.0 = Debug|Any CPU
		{F3E8D149-0DDE-4B2D-9B50-E747F9D8829A}.Debug|x86.ActiveCfg = Debug|Any CPU
		{F3E8D149-0DDE-4B2D-9B50-E747F9D8829A}.Debug|x86.Build.0 = Debug|Any CPU
		{F3E8D149-0DDE-4B2D-9B50-E747F9D8829A}.Release|Any CPU.ActiveCfg = Release|Any CPU
		{F3E8D149-0DDE-4B2D-9B50-E747F9D8829A}.Release|Any CPU.Build.0 = Release|Any CPU
		{F3E8D149-0DDE-4B2D-9B50-E747F9D8829A}.Release|x64.ActiveCfg = Release|Any CPU
		{F3E8D149-0DDE-4B2D-9B50-E747F9D8829A}.Release|x64.Build.0 = Release|Any CPU
		{F3E8D149-0DDE-4B2D-9B50-E747F9D8829A}.Release|x86.ActiveCfg = Release|Any CPU
		{F3E8D149-0DDE-4B2D-9B50-E747F9D8829A}.Release|x86.Build.0 = Release|Any CPU
		{1E6A51C5-4D88-4405-8BF0-97464C444EFE}.Debug|Any CPU.ActiveCfg = Debug|Any CPU
		{1E6A51C5-4D88-4405-8BF0-97464C444EFE}.Debug|Any CPU.Build.0 = Debug|Any CPU
		{1E6A51C5-4D88-4405-8BF0-97464C444EFE}.Debug|x64.ActiveCfg = Debug|Any CPU
		{1E6A51C5-4D88-4405-8BF0-97464C444EFE}.Debug|x64.Build.0 = Debug|Any CPU
		{1E6A51C5-4D88-4405-8BF0-97464C444EFE}.Debug|x86.ActiveCfg = Debug|Any CPU
		{1E6A51C5-4D88-4405-8BF0-97464C444EFE}.Debug|x86.Build.0 = Debug|Any CPU
		{1E6A51C5-4D88-4405-8BF0-97464C444EFE}.Release|Any CPU.ActiveCfg = Release|Any CPU
		{1E6A51C5-4D88-4405-8BF0-97464C444EFE}.Release|Any CPU.Build.0 = Release|Any CPU
		{1E6A51C5-4D88-4405-8BF0-97464C444EFE}.Release|x64.ActiveCfg = Release|Any CPU
		{1E6A51C5-4D88-4405-8BF0-97464C444EFE}.Release|x64.Build.0 = Release|Any CPU
		{1E6A51C5-4D88-4405-8BF0-97464C444EFE}.Release|x86.ActiveCfg = Release|Any CPU
		{1E6A51C5-4D88-4405-8BF0-97464C444EFE}.Release|x86.Build.0 = Release|Any CPU
		{28CE6097-4D24-4C69-B39B-521C6E595151}.Debug|Any CPU.ActiveCfg = Debug|Any CPU
		{28CE6097-4D24-4C69-B39B-521C6E595151}.Debug|Any CPU.Build.0 = Debug|Any CPU
		{28CE6097-4D24-4C69-B39B-521C6E595151}.Debug|x64.ActiveCfg = Debug|Any CPU
		{28CE6097-4D24-4C69-B39B-521C6E595151}.Debug|x64.Build.0 = Debug|Any CPU
		{28CE6097-4D24-4C69-B39B-521C6E595151}.Debug|x86.ActiveCfg = Debug|Any CPU
		{28CE6097-4D24-4C69-B39B-521C6E595151}.Debug|x86.Build.0 = Debug|Any CPU
		{28CE6097-4D24-4C69-B39B-521C6E595151}.Release|Any CPU.ActiveCfg = Release|Any CPU
		{28CE6097-4D24-4C69-B39B-521C6E595151}.Release|Any CPU.Build.0 = Release|Any CPU
		{28CE6097-4D24-4C69-B39B-521C6E595151}.Release|x64.ActiveCfg = Release|Any CPU
		{28CE6097-4D24-4C69-B39B-521C6E595151}.Release|x64.Build.0 = Release|Any CPU
		{28CE6097-4D24-4C69-B39B-521C6E595151}.Release|x86.ActiveCfg = Release|Any CPU
		{28CE6097-4D24-4C69-B39B-521C6E595151}.Release|x86.Build.0 = Release|Any CPU
		{4C93CDDD-5F6F-423F-A425-7AD3DC41B73B}.Debug|Any CPU.ActiveCfg = Debug|Any CPU
		{4C93CDDD-5F6F-423F-A425-7AD3DC41B73B}.Debug|Any CPU.Build.0 = Debug|Any CPU
		{4C93CDDD-5F6F-423F-A425-7AD3DC41B73B}.Debug|x64.ActiveCfg = Debug|Any CPU
		{4C93CDDD-5F6F-423F-A425-7AD3DC41B73B}.Debug|x64.Build.0 = Debug|Any CPU
		{4C93CDDD-5F6F-423F-A425-7AD3DC41B73B}.Debug|x86.ActiveCfg = Debug|Any CPU
		{4C93CDDD-5F6F-423F-A425-7AD3DC41B73B}.Debug|x86.Build.0 = Debug|Any CPU
		{4C93CDDD-5F6F-423F-A425-7AD3DC41B73B}.Release|Any CPU.ActiveCfg = Release|Any CPU
		{4C93CDDD-5F6F-423F-A425-7AD3DC41B73B}.Release|Any CPU.Build.0 = Release|Any CPU
		{4C93CDDD-5F6F-423F-A425-7AD3DC41B73B}.Release|x64.ActiveCfg = Release|Any CPU
		{4C93CDDD-5F6F-423F-A425-7AD3DC41B73B}.Release|x64.Build.0 = Release|Any CPU
		{4C93CDDD-5F6F-423F-A425-7AD3DC41B73B}.Release|x86.ActiveCfg = Release|Any CPU
		{4C93CDDD-5F6F-423F-A425-7AD3DC41B73B}.Release|x86.Build.0 = Release|Any CPU
		{B142FFBA-436B-47EE-90DB-357E0FF4C25D}.Debug|Any CPU.ActiveCfg = Debug|Any CPU
		{B142FFBA-436B-47EE-90DB-357E0FF4C25D}.Debug|Any CPU.Build.0 = Debug|Any CPU
		{B142FFBA-436B-47EE-90DB-357E0FF4C25D}.Debug|x64.ActiveCfg = Debug|Any CPU
		{B142FFBA-436B-47EE-90DB-357E0FF4C25D}.Debug|x64.Build.0 = Debug|Any CPU
		{B142FFBA-436B-47EE-90DB-357E0FF4C25D}.Debug|x86.ActiveCfg = Debug|Any CPU
		{B142FFBA-436B-47EE-90DB-357E0FF4C25D}.Debug|x86.Build.0 = Debug|Any CPU
		{B142FFBA-436B-47EE-90DB-357E0FF4C25D}.Release|Any CPU.ActiveCfg = Release|Any CPU
		{B142FFBA-436B-47EE-90DB-357E0FF4C25D}.Release|Any CPU.Build.0 = Release|Any CPU
		{B142FFBA-436B-47EE-90DB-357E0FF4C25D}.Release|x64.ActiveCfg = Release|Any CPU
		{B142FFBA-436B-47EE-90DB-357E0FF4C25D}.Release|x64.Build.0 = Release|Any CPU
		{B142FFBA-436B-47EE-90DB-357E0FF4C25D}.Release|x86.ActiveCfg = Release|Any CPU
		{B142FFBA-436B-47EE-90DB-357E0FF4C25D}.Release|x86.Build.0 = Release|Any CPU
		{745C75FD-F1F8-4442-A660-DBD737EA19BD}.Debug|Any CPU.ActiveCfg = Debug|Any CPU
		{745C75FD-F1F8-4442-A660-DBD737EA19BD}.Debug|Any CPU.Build.0 = Debug|Any CPU
		{745C75FD-F1F8-4442-A660-DBD737EA19BD}.Debug|x64.ActiveCfg = Debug|Any CPU
		{745C75FD-F1F8-4442-A660-DBD737EA19BD}.Debug|x64.Build.0 = Debug|Any CPU
		{745C75FD-F1F8-4442-A660-DBD737EA19BD}.Debug|x86.ActiveCfg = Debug|Any CPU
		{745C75FD-F1F8-4442-A660-DBD737EA19BD}.Debug|x86.Build.0 = Debug|Any CPU
		{745C75FD-F1F8-4442-A660-DBD737EA19BD}.Release|Any CPU.ActiveCfg = Release|Any CPU
		{745C75FD-F1F8-4442-A660-DBD737EA19BD}.Release|Any CPU.Build.0 = Release|Any CPU
		{745C75FD-F1F8-4442-A660-DBD737EA19BD}.Release|x64.ActiveCfg = Release|Any CPU
		{745C75FD-F1F8-4442-A660-DBD737EA19BD}.Release|x64.Build.0 = Release|Any CPU
		{745C75FD-F1F8-4442-A660-DBD737EA19BD}.Release|x86.ActiveCfg = Release|Any CPU
		{745C75FD-F1F8-4442-A660-DBD737EA19BD}.Release|x86.Build.0 = Release|Any CPU
		{736E28DB-399F-4553-A698-8688500ED22F}.Debug|Any CPU.ActiveCfg = Debug|Any CPU
		{736E28DB-399F-4553-A698-8688500ED22F}.Debug|Any CPU.Build.0 = Debug|Any CPU
		{736E28DB-399F-4553-A698-8688500ED22F}.Debug|x64.ActiveCfg = Debug|Any CPU
		{736E28DB-399F-4553-A698-8688500ED22F}.Debug|x64.Build.0 = Debug|Any CPU
		{736E28DB-399F-4553-A698-8688500ED22F}.Debug|x86.ActiveCfg = Debug|Any CPU
		{736E28DB-399F-4553-A698-8688500ED22F}.Debug|x86.Build.0 = Debug|Any CPU
		{736E28DB-399F-4553-A698-8688500ED22F}.Release|Any CPU.ActiveCfg = Release|Any CPU
		{736E28DB-399F-4553-A698-8688500ED22F}.Release|Any CPU.Build.0 = Release|Any CPU
		{736E28DB-399F-4553-A698-8688500ED22F}.Release|x64.ActiveCfg = Release|Any CPU
		{736E28DB-399F-4553-A698-8688500ED22F}.Release|x64.Build.0 = Release|Any CPU
		{736E28DB-399F-4553-A698-8688500ED22F}.Release|x86.ActiveCfg = Release|Any CPU
		{736E28DB-399F-4553-A698-8688500ED22F}.Release|x86.Build.0 = Release|Any CPU
		{0B80E238-0CEF-4936-AC1A-A4962830A28F}.Debug|Any CPU.ActiveCfg = Debug|Any CPU
		{0B80E238-0CEF-4936-AC1A-A4962830A28F}.Debug|Any CPU.Build.0 = Debug|Any CPU
		{0B80E238-0CEF-4936-AC1A-A4962830A28F}.Debug|x64.ActiveCfg = Debug|Any CPU
		{0B80E238-0CEF-4936-AC1A-A4962830A28F}.Debug|x64.Build.0 = Debug|Any CPU
		{0B80E238-0CEF-4936-AC1A-A4962830A28F}.Debug|x86.ActiveCfg = Debug|Any CPU
		{0B80E238-0CEF-4936-AC1A-A4962830A28F}.Debug|x86.Build.0 = Debug|Any CPU
		{0B80E238-0CEF-4936-AC1A-A4962830A28F}.Release|Any CPU.ActiveCfg = Release|Any CPU
		{0B80E238-0CEF-4936-AC1A-A4962830A28F}.Release|Any CPU.Build.0 = Release|Any CPU
		{0B80E238-0CEF-4936-AC1A-A4962830A28F}.Release|x64.ActiveCfg = Release|Any CPU
		{0B80E238-0CEF-4936-AC1A-A4962830A28F}.Release|x64.Build.0 = Release|Any CPU
		{0B80E238-0CEF-4936-AC1A-A4962830A28F}.Release|x86.ActiveCfg = Release|Any CPU
		{0B80E238-0CEF-4936-AC1A-A4962830A28F}.Release|x86.Build.0 = Release|Any CPU
		{B2CB08A8-E5EB-4212-A34E-4494C643C4BD}.Debug|Any CPU.ActiveCfg = Debug|Any CPU
		{B2CB08A8-E5EB-4212-A34E-4494C643C4BD}.Debug|Any CPU.Build.0 = Debug|Any CPU
		{B2CB08A8-E5EB-4212-A34E-4494C643C4BD}.Debug|x64.ActiveCfg = Debug|Any CPU
		{B2CB08A8-E5EB-4212-A34E-4494C643C4BD}.Debug|x64.Build.0 = Debug|Any CPU
		{B2CB08A8-E5EB-4212-A34E-4494C643C4BD}.Debug|x86.ActiveCfg = Debug|Any CPU
		{B2CB08A8-E5EB-4212-A34E-4494C643C4BD}.Debug|x86.Build.0 = Debug|Any CPU
		{B2CB08A8-E5EB-4212-A34E-4494C643C4BD}.Release|Any CPU.ActiveCfg = Release|Any CPU
		{B2CB08A8-E5EB-4212-A34E-4494C643C4BD}.Release|Any CPU.Build.0 = Release|Any CPU
		{B2CB08A8-E5EB-4212-A34E-4494C643C4BD}.Release|x64.ActiveCfg = Release|Any CPU
		{B2CB08A8-E5EB-4212-A34E-4494C643C4BD}.Release|x64.Build.0 = Release|Any CPU
		{B2CB08A8-E5EB-4212-A34E-4494C643C4BD}.Release|x86.ActiveCfg = Release|Any CPU
		{B2CB08A8-E5EB-4212-A34E-4494C643C4BD}.Release|x86.Build.0 = Release|Any CPU
		{1BFAB72C-5EFD-4938-B561-F8977133CBED}.Debug|Any CPU.ActiveCfg = Debug|Any CPU
		{1BFAB72C-5EFD-4938-B561-F8977133CBED}.Debug|Any CPU.Build.0 = Debug|Any CPU
		{1BFAB72C-5EFD-4938-B561-F8977133CBED}.Debug|x64.ActiveCfg = Debug|Any CPU
		{1BFAB72C-5EFD-4938-B561-F8977133CBED}.Debug|x64.Build.0 = Debug|Any CPU
		{1BFAB72C-5EFD-4938-B561-F8977133CBED}.Debug|x86.ActiveCfg = Debug|Any CPU
		{1BFAB72C-5EFD-4938-B561-F8977133CBED}.Debug|x86.Build.0 = Debug|Any CPU
		{1BFAB72C-5EFD-4938-B561-F8977133CBED}.Release|Any CPU.ActiveCfg = Release|Any CPU
		{1BFAB72C-5EFD-4938-B561-F8977133CBED}.Release|Any CPU.Build.0 = Release|Any CPU
		{1BFAB72C-5EFD-4938-B561-F8977133CBED}.Release|x64.ActiveCfg = Release|Any CPU
		{1BFAB72C-5EFD-4938-B561-F8977133CBED}.Release|x64.Build.0 = Release|Any CPU
		{1BFAB72C-5EFD-4938-B561-F8977133CBED}.Release|x86.ActiveCfg = Release|Any CPU
		{1BFAB72C-5EFD-4938-B561-F8977133CBED}.Release|x86.Build.0 = Release|Any CPU
		{E7B88073-267F-4F28-B768-5A95F171FA4F}.Debug|Any CPU.ActiveCfg = Debug|Any CPU
		{E7B88073-267F-4F28-B768-5A95F171FA4F}.Debug|Any CPU.Build.0 = Debug|Any CPU
		{E7B88073-267F-4F28-B768-5A95F171FA4F}.Debug|x64.ActiveCfg = Debug|Any CPU
		{E7B88073-267F-4F28-B768-5A95F171FA4F}.Debug|x64.Build.0 = Debug|Any CPU
		{E7B88073-267F-4F28-B768-5A95F171FA4F}.Debug|x86.ActiveCfg = Debug|Any CPU
		{E7B88073-267F-4F28-B768-5A95F171FA4F}.Debug|x86.Build.0 = Debug|Any CPU
		{E7B88073-267F-4F28-B768-5A95F171FA4F}.Release|Any CPU.ActiveCfg = Release|Any CPU
		{E7B88073-267F-4F28-B768-5A95F171FA4F}.Release|Any CPU.Build.0 = Release|Any CPU
		{E7B88073-267F-4F28-B768-5A95F171FA4F}.Release|x64.ActiveCfg = Release|Any CPU
		{E7B88073-267F-4F28-B768-5A95F171FA4F}.Release|x64.Build.0 = Release|Any CPU
		{E7B88073-267F-4F28-B768-5A95F171FA4F}.Release|x86.ActiveCfg = Release|Any CPU
		{E7B88073-267F-4F28-B768-5A95F171FA4F}.Release|x86.Build.0 = Release|Any CPU
		{82AC9D97-552F-40BB-A86B-AAFD391A146B}.Debug|Any CPU.ActiveCfg = Debug|Any CPU
		{82AC9D97-552F-40BB-A86B-AAFD391A146B}.Debug|Any CPU.Build.0 = Debug|Any CPU
		{82AC9D97-552F-40BB-A86B-AAFD391A146B}.Debug|x64.ActiveCfg = Debug|Any CPU
		{82AC9D97-552F-40BB-A86B-AAFD391A146B}.Debug|x64.Build.0 = Debug|Any CPU
		{82AC9D97-552F-40BB-A86B-AAFD391A146B}.Debug|x86.ActiveCfg = Debug|Any CPU
		{82AC9D97-552F-40BB-A86B-AAFD391A146B}.Debug|x86.Build.0 = Debug|Any CPU
		{82AC9D97-552F-40BB-A86B-AAFD391A146B}.Release|Any CPU.ActiveCfg = Release|Any CPU
		{82AC9D97-552F-40BB-A86B-AAFD391A146B}.Release|Any CPU.Build.0 = Release|Any CPU
		{82AC9D97-552F-40BB-A86B-AAFD391A146B}.Release|x64.ActiveCfg = Release|Any CPU
		{82AC9D97-552F-40BB-A86B-AAFD391A146B}.Release|x64.Build.0 = Release|Any CPU
		{82AC9D97-552F-40BB-A86B-AAFD391A146B}.Release|x86.ActiveCfg = Release|Any CPU
		{82AC9D97-552F-40BB-A86B-AAFD391A146B}.Release|x86.Build.0 = Release|Any CPU
		{4311770A-43E6-4186-B4CA-2E88C3D71E71}.Debug|Any CPU.ActiveCfg = Debug|Any CPU
		{4311770A-43E6-4186-B4CA-2E88C3D71E71}.Debug|Any CPU.Build.0 = Debug|Any CPU
		{4311770A-43E6-4186-B4CA-2E88C3D71E71}.Debug|x64.ActiveCfg = Debug|Any CPU
		{4311770A-43E6-4186-B4CA-2E88C3D71E71}.Debug|x64.Build.0 = Debug|Any CPU
		{4311770A-43E6-4186-B4CA-2E88C3D71E71}.Debug|x86.ActiveCfg = Debug|Any CPU
		{4311770A-43E6-4186-B4CA-2E88C3D71E71}.Debug|x86.Build.0 = Debug|Any CPU
		{4311770A-43E6-4186-B4CA-2E88C3D71E71}.Release|Any CPU.ActiveCfg = Release|Any CPU
		{4311770A-43E6-4186-B4CA-2E88C3D71E71}.Release|Any CPU.Build.0 = Release|Any CPU
		{4311770A-43E6-4186-B4CA-2E88C3D71E71}.Release|x64.ActiveCfg = Release|Any CPU
		{4311770A-43E6-4186-B4CA-2E88C3D71E71}.Release|x64.Build.0 = Release|Any CPU
		{4311770A-43E6-4186-B4CA-2E88C3D71E71}.Release|x86.ActiveCfg = Release|Any CPU
		{4311770A-43E6-4186-B4CA-2E88C3D71E71}.Release|x86.Build.0 = Release|Any CPU
	EndGlobalSection
	GlobalSection(SolutionProperties) = preSolution
		HideSolutionNode = FALSE
	EndGlobalSection
	GlobalSection(NestedProjects) = preSolution
		{91F4AFCA-9E26-4D2F-9469-74D71CC93F77} = {02EA681E-C7D8-13C7-8484-4AC65E1B71E8}
		{77DAAE6B-5ED1-40D3-BF8C-D33F1C06C37E} = {02EA681E-C7D8-13C7-8484-4AC65E1B71E8}
		{9B514A4B-6950-4ED3-A0D0-FACBD5873618} = {02EA681E-C7D8-13C7-8484-4AC65E1B71E8}
		{F3E8D149-0DDE-4B2D-9B50-E747F9D8829A} = {02EA681E-C7D8-13C7-8484-4AC65E1B71E8}
		{1E6A51C5-4D88-4405-8BF0-97464C444EFE} = {7DF9D28E-45BE-4275-8726-647D46A3EFC9}
		{28CE6097-4D24-4C69-B39B-521C6E595151} = {E154531E-4499-7942-A888-178D85FFAA26}
		{4C93CDDD-5F6F-423F-A425-7AD3DC41B73B} = {E154531E-4499-7942-A888-178D85FFAA26}
		{B142FFBA-436B-47EE-90DB-357E0FF4C25D} = {E154531E-4499-7942-A888-178D85FFAA26}
		{745C75FD-F1F8-4442-A660-DBD737EA19BD} = {02EA681E-C7D8-13C7-8484-4AC65E1B71E8}
		{736E28DB-399F-4553-A698-8688500ED22F} = {02EA681E-C7D8-13C7-8484-4AC65E1B71E8}
		{0B80E238-0CEF-4936-AC1A-A4962830A28F} = {02EA681E-C7D8-13C7-8484-4AC65E1B71E8}
		{B2CB08A8-E5EB-4212-A34E-4494C643C4BD} = {02EA681E-C7D8-13C7-8484-4AC65E1B71E8}
		{1BFAB72C-5EFD-4938-B561-F8977133CBED} = {02EA681E-C7D8-13C7-8484-4AC65E1B71E8}
		{E7B88073-267F-4F28-B768-5A95F171FA4F} = {02EA681E-C7D8-13C7-8484-4AC65E1B71E8}
		{82AC9D97-552F-40BB-A86B-AAFD391A146B} = {02EA681E-C7D8-13C7-8484-4AC65E1B71E8}
		{4311770A-43E6-4186-B4CA-2E88C3D71E71} = {02EA681E-C7D8-13C7-8484-4AC65E1B71E8}
	EndGlobalSection
	GlobalSection(ExtensibilityGlobals) = postSolution
		SolutionGuid = {2BBCEAD0-A1A2-4A1E-8A10-2D436162DAD6}
	EndGlobalSection
EndGlobal
